<?xml version="1.0" encoding="utf-8"?>
<Project ToolsVersion="4.0" xmlns="http://schemas.microsoft.com/developer/msbuild/2003">
  <ItemGroup>
    <Filter Include="ソース ファイル">
      <UniqueIdentifier>{4FC737F1-C7A5-4376-A066-2A32D752A2FF}</UniqueIdentifier>
      <Extensions>cpp;c;cc;cxx;def;odl;idl;hpj;bat;asm;asmx</Extensions>
    </Filter>
    <Filter Include="ヘッダー ファイル">
      <UniqueIdentifier>{93995380-89BD-4b04-88EB-625FBE52EBFB}</UniqueIdentifier>
      <Extensions>h;hh;hpp;hxx;hm;inl;inc;xsd</Extensions>
    </Filter>
    <Filter Include="リソース ファイル">
      <UniqueIdentifier>{67DA6AB6-F800-4c08-8B7A-83BB121AAD01}</UniqueIdentifier>
      <Extensions>rc;ico;cur;bmp;dlg;rc2;rct;bin;rgs;gif;jpg;jpeg;jpe;resx;tiff;tif;png;wav;mfcribbon-ms</Extensions>
    </Filter>
    <Filter Include="scene">
      <UniqueIdentifier>{a9f74b0f-df7c-4981-9267-0e155caf3e9c}</UniqueIdentifier>
    </Filter>
    <Filter Include="myn_library">
      <UniqueIdentifier>{71b7220b-bc22-4684-b7e6-951994261d6b}</UniqueIdentifier>
    </Filter>
    <Filter Include="texture">
      <UniqueIdentifier>{38c5487e-85a5-4aa1-b758-9317effa0d8f}</UniqueIdentifier>
    </Filter>
  </ItemGroup>
  <ItemGroup>
    <ClCompile Include="main.cpp">
      <Filter>ソース ファイル</Filter>
    </ClCompile>
    <ClCompile Include="flyingobject.cpp">
      <Filter>ソース ファイル</Filter>
    </ClCompile>
    <ClCompile Include="bullet.cpp">
      <Filter>ソース ファイル</Filter>
    </ClCompile>
    <ClCompile Include="util.cpp">
      <Filter>ソース ファイル</Filter>
    </ClCompile>
    <ClCompile Include="panel.cpp">
      <Filter>ソース ファイル</Filter>
    </ClCompile>
    <ClCompile Include="ship.cpp">
      <Filter>ソース ファイル</Filter>
    </ClCompile>
    <ClCompile Include="camera.cpp">
      <Filter>ソース ファイル</Filter>
    </ClCompile>
    <ClCompile Include="scene.cpp">
      <Filter>ソース ファイル</Filter>
    </ClCompile>
    <ClCompile Include="model.cpp">
      <Filter>ソース ファイル</Filter>
    </ClCompile>
    <ClCompile Include="scene\scene_title.cpp">
      <Filter>scene</Filter>
    </ClCompile>
    <ClCompile Include="scene\scene_game.cpp">
      <Filter>scene</Filter>
    </ClCompile>
    <ClCompile Include="scene\scene_resurt.cpp">
      <Filter>scene</Filter>
    </ClCompile>
    <ClCompile Include="texture\texture.cpp">
      <Filter>texture</Filter>
    </ClCompile>
    <ClCompile Include="myn_library\sounds_manager.cpp">
      <Filter>myn_library</Filter>
    </ClCompile>
    <ClCompile Include="myn_library\texture_manager.cpp">
      <Filter>myn_library</Filter>
    </ClCompile>
  </ItemGroup>
  <ItemGroup>
    <ClInclude Include="flyingobject.h">
      <Filter>ヘッダー ファイル</Filter>
    </ClInclude>
    <ClInclude Include="bullet.h">
      <Filter>ヘッダー ファイル</Filter>
    </ClInclude>
    <ClInclude Include="util.h">
      <Filter>ヘッダー ファイル</Filter>
    </ClInclude>
    <ClInclude Include="panel.h">
      <Filter>ヘッダー ファイル</Filter>
    </ClInclude>
    <ClInclude Include="ship.h">
      <Filter>ヘッダー ファイル</Filter>
    </ClInclude>
    <ClInclude Include="camera.h">
      <Filter>ヘッダー ファイル</Filter>
    </ClInclude>
    <ClInclude Include="scene.h">
      <Filter>ヘッダー ファイル</Filter>
    </ClInclude>
    <ClInclude Include="model.h">
      <Filter>ヘッダー ファイル</Filter>
    </ClInclude>
    <ClInclude Include="scene\scene_title.h">
      <Filter>scene</Filter>
    </ClInclude>
    <ClInclude Include="scene\scene_game.h">
      <Filter>scene</Filter>
    </ClInclude>
    <ClInclude Include="scene\scene_resurt.h">
      <Filter>scene</Filter>
    </ClInclude>
    <ClInclude Include="texture\texture.h">
      <Filter>texture</Filter>
    </ClInclude>
    <ClInclude Include="myn_library\sounds_manager.h">
      <Filter>myn_library</Filter>
    </ClInclude>
    <ClInclude Include="myn_library\texture_manager.h">
      <Filter>myn_library</Filter>
    </ClInclude>
  </ItemGroup>
</Project>